# This file is automatically @generated by Cargo.
# It is not intended for manual editing.
version = 4

[[package]]
name = "eloi-core"
version = "0.1.0-september"

[[package]]
name = "eloi-engine"
version = "0.1.0-september"
dependencies = [
 "eloi-core",
]

[[package]]
name = "eloi-protocol"
version = "0.1.0-september"
dependencies = [
 "eloi-core",
 "eloi-engine",
]

[[package]]
name = "eloi-rs"
version = "0.1.0-september"
dependencies = [
 "eloi-core",
 "eloi-engine",
 "eloi-protocol",
]
